
Microsoft Visual Studio Solution File, Format Version 12.00
# Visual Studio Version 17
VisualStudioVersion = 17.0.31903.59
MinimumVisualStudioVersion = 10.0.40219.1
Project("{2150E333-8FDC-42A3-9474-1A3956D46DE8}") = "tests", "tests", "{4985F3E6-E81F-47FC-939E-339D6138BC19}"
EndProject
Project("{FAE04EC0-301F-11D3-BF4B-00C04F79EFBC}") = "ngrep.Tests", "tests\ngrep.Tests\ngrep.Tests.csproj", "{FC263EC7-995C-49CE-BD93-9A9034010B06}"
EndProject
Project("{2150E333-8FDC-42A3-9474-1A3956D46DE8}") = "src", "src", "{9B19C15A-9B59-4042-9403-5E4E258CC020}"
EndProject
Project("{FAE04EC0-301F-11D3-BF4B-00C04F79EFBC}") = "ngrep", "src\ngrep\ngrep.csproj", "{EB731538-DF23-4395-9CBF-96AE19D77AD4}"
EndProject
Global
	GlobalSection(SolutionConfigurationPlatforms) = preSolution
		Debug|Any CPU = Debug|Any CPU
		Release|Any CPU = Release|Any CPU
	EndGlobalSection
	GlobalSection(SolutionProperties) = preSolution
		HideSolutionNode = FALSE
	EndGlobalSection
	GlobalSection(ProjectConfigurationPlatforms) = postSolution
		{FC263EC7-995C-49CE-BD93-9A9034010B06}.Debug|Any CPU.ActiveCfg = Debug|Any CPU
		{FC263EC7-995C-49CE-BD93-9A9034010B06}.Debug|Any CPU.Build.0 = Debug|Any CPU
		{FC263EC7-995C-49CE-BD93-9A9034010B06}.Release|Any CPU.ActiveCfg = Release|Any CPU
		{FC263EC7-995C-49CE-BD93-9A9034010B06}.Release|Any CPU.Build.0 = Release|Any CPU
		{EB731538-DF23-4395-9CBF-96AE19D77AD4}.Debug|Any CPU.ActiveCfg = Debug|Any CPU
		{EB731538-DF23-4395-9CBF-96AE19D77AD4}.Debug|Any CPU.Build.0 = Debug|Any CPU
		{EB731538-DF23-4395-9CBF-96AE19D77AD4}.Release|Any CPU.ActiveCfg = Release|Any CPU
		{EB731538-DF23-4395-9CBF-96AE19D77AD4}.Release|Any CPU.Build.0 = Release|Any CPU
	EndGlobalSection
	GlobalSection(NestedProjects) = preSolution
		{FC263EC7-995C-49CE-BD93-9A9034010B06} = {4985F3E6-E81F-47FC-939E-339D6138BC19}
		{EB731538-DF23-4395-9CBF-96AE19D77AD4} = {9B19C15A-9B59-4042-9403-5E4E258CC020}
	EndGlobalSection
EndGlobal
